
Microsoft Visual Studio Solution File, Format Version 12.00
# Visual Studio Version 17
VisualStudioVersion = 17.2.32505.173
MinimumVisualStudioVersion = 10.0.40219.1
Project("{FAE04EC0-301F-11D3-BF4B-00C04F79EFBC}") = "Medidornota", "Medidornota.csproj", "{FF370185-E56C-4D71-A035-86BCBD091BEA}"
EndProject
Global
	GlobalSection(SolutionConfigurationPlatforms) = preSolution
		Debug|Any CPU = Debug|Any CPU
		Release|Any CPU = Release|Any CPU
	EndGlobalSection
	GlobalSection(ProjectConfigurationPlatforms) = postSolution
		{FF370185-E56C-4D71-A035-86BCBD091BEA}.Debug|Any CPU.ActiveCfg = Debug|Any CPU
		{FF370185-E56C-4D71-A035-86BCBD091BEA}.Debug|Any CPU.Build.0 = Debug|Any CPU
		{FF370185-E56C-4D71-A035-86BCBD091BEA}.Release|Any CPU.ActiveCfg = Release|Any CPU
		{FF370185-E56C-4D71-A035-86BCBD091BEA}.Release|Any CPU.Build.0 = Release|Any CPU
	EndGlobalSection
	GlobalSection(SolutionProperties) = preSolution
		HideSolutionNode = FALSE
	EndGlobalSection
	GlobalSection(ExtensibilityGlobals) = postSolution
		SolutionGuid = {6EB1C6B3-B1F8-4A29-87B9-ABFCF470B3B5}
	EndGlobalSection
EndGlobal
